
Microsoft Visual Studio Solution File, Format Version 12.00
# Visual Studio Version 17
VisualStudioVersion = 17.10.34928.147
MinimumVisualStudioVersion = 10.0.40219.1
Project("{FAE04EC0-301F-11D3-BF4B-00C04F79EFBC}") = "LocamailApp", "LocamailApp.csproj", "{E86B999D-4BD3-4684-8B97-DCB6FF30EE28}"
EndProject
Project("{2150E333-8FDC-42A3-9474-1A3956D46DE8}") = "Solution Items", "Solution Items", "{47996D06-F53D-460A-A1BA-5493C7FFA44D}"
EndProject
Global
	GlobalSection(SolutionConfigurationPlatforms) = preSolution
		Debug|Any CPU = Debug|Any CPU
		Release|Any CPU = Release|Any CPU
	EndGlobalSection
	GlobalSection(ProjectConfigurationPlatforms) = postSolution
		{E86B999D-4BD3-4684-8B97-DCB6FF30EE28}.Debug|Any CPU.ActiveCfg = Debug|Any CPU
		{E86B999D-4BD3-4684-8B97-DCB6FF30EE28}.Debug|Any CPU.Build.0 = Debug|Any CPU
		{E86B999D-4BD3-4684-8B97-DCB6FF30EE28}.Release|Any CPU.ActiveCfg = Release|Any CPU
		{E86B999D-4BD3-4684-8B97-DCB6FF30EE28}.Release|Any CPU.Build.0 = Release|Any CPU
	EndGlobalSection
	GlobalSection(SolutionProperties) = preSolution
		HideSolutionNode = FALSE
	EndGlobalSection
	GlobalSection(ExtensibilityGlobals) = postSolution
		SolutionGuid = {7461A85E-34FA-4266-901C-636CD02ADC39}
	EndGlobalSection
EndGlobal
